// !$*UTF8*$!
{
	archiveVersion = 1;
	classes = {
	};
	objectVersion = 50;
	objects = {

/* Begin PBXBuildFile section */
		222F90E424FF43E900116693 /* AppDownloadViewController.swift in Sources */ = {isa = PBXBuildFile; fileRef = 222F90E324FF43E900116693 /* AppDownloadViewController.swift */; };
		22BDF8B72505E0BE004D1F9A /* SystemConfig.swift in Sources */ = {isa = PBXBuildFile; fileRef = 22BDF8B62505E0BE004D1F9A /* SystemConfig.swift */; };
		22F3145624E4C9010096C174 /* AADraggableView+Helper.swift in Sources */ = {isa = PBXBuildFile; fileRef = 22F3145424E4C8FC0096C174 /* AADraggableView+Helper.swift */; };
		22F3145824E4F6040096C174 /* AADraggableView.swift in Sources */ = {isa = PBXBuildFile; fileRef = 22F3145724E4F6040096C174 /* AADraggableView.swift */; };
		22FA35F424D90EC500C75DFF /* AppDelegate.swift in Sources */ = {isa = PBXBuildFile; fileRef = 22FA35F324D90EC500C75DFF /* AppDelegate.swift */; };
		22FA35F624D90EC500C75DFF /* SceneDelegate.swift in Sources */ = {isa = PBXBuildFile; fileRef = 22FA35F524D90EC500C75DFF /* SceneDelegate.swift */; };
		22FA35F824D90EC500C75DFF /* ViewController.swift in Sources */ = {isa = PBXBuildFile; fileRef = 22FA35F724D90EC500C75DFF /* ViewController.swift */; };
		22FA35FB24D90EC500C75DFF /* Main.storyboard in Resources */ = {isa = PBXBuildFile; fileRef = 22FA35F924D90EC500C75DFF /* Main.storyboard */; };
		22FA35FD24D90EC800C75DFF /* Assets.xcassets in Resources */ = {isa = PBXBuildFile; fileRef = 22FA35FC24D90EC800C75DFF /* Assets.xcassets */; };
		22FA360024D90EC800C75DFF /* LaunchScreen.storyboard in Resources */ = {isa = PBXBuildFile; fileRef = 22FA35FE24D90EC800C75DFF /* LaunchScreen.storyboard */; };
/* End PBXBuildFile section */

/* Begin PBXFileReference section */
		222F90E324FF43E900116693 /* AppDownloadViewController.swift */ = {isa = PBXFileReference; lastKnownFileType = sourcecode.swift; path = AppDownloadViewController.swift; sourceTree = "<group>"; };
		22BDF8B62505E0BE004D1F9A /* SystemConfig.swift */ = {isa = PBXFileReference; lastKnownFileType = sourcecode.swift; path = SystemConfig.swift; sourceTree = "<group>"; };
		22F3145424E4C8FC0096C174 /* AADraggableView+Helper.swift */ = {isa = PBXFileReference; fileEncoding = 4; lastKnownFileType = sourcecode.swift; path = "AADraggableView+Helper.swift"; sourceTree = "<group>"; };
		22F3145724E4F6040096C174 /* AADraggableView.swift */ = {isa = PBXFileReference; lastKnownFileType = sourcecode.swift; name = AADraggableView.swift; path = /Users/michaelvartanian/Documents/XcodeProjects/AudioDashboard/SonicalDashboard/SonicalDashboard/AADraggableView.swift; sourceTree = "<absolute>"; };
		22FA35F024D90EC500C75DFF /* SonicalDashboard.app */ = {isa = PBXFileReference; explicitFileType = wrapper.application; includeInIndex = 0; path = SonicalDashboard.app; sourceTree = BUILT_PRODUCTS_DIR; };
		22FA35F324D90EC500C75DFF /* AppDelegate.swift */ = {isa = PBXFileReference; lastKnownFileType = sourcecode.swift; path = AppDelegate.swift; sourceTree = "<group>"; };
		22FA35F524D90EC500C75DFF /* SceneDelegate.swift */ = {isa = PBXFileReference; lastKnownFileType = sourcecode.swift; path = SceneDelegate.swift; sourceTree = "<group>"; };
		22FA35F724D90EC500C75DFF /* ViewController.swift */ = {isa = PBXFileReference; lastKnownFileType = sourcecode.swift; path = ViewController.swift; sourceTree = "<group>"; };
		22FA35FA24D90EC500C75DFF /* Base */ = {isa = PBXFileReference; lastKnownFileType = file.storyboard; name = Base; path = Base.lproj/Main.storyboard; sourceTree = "<group>"; };
		22FA35FC24D90EC800C75DFF /* Assets.xcassets */ = {isa = PBXFileReference; lastKnownFileType = folder.assetcatalog; path = Assets.xcassets; sourceTree = "<group>"; };
		22FA35FF24D90EC800C75DFF /* Base */ = {isa = PBXFileReference; lastKnownFileType = file.storyboard; name = Base; path = Base.lproj/LaunchScreen.storyboard; sourceTree = "<group>"; };
		22FA360124D90EC800C75DFF /* Info.plist */ = {isa = PBXFileReference; lastKnownFileType = text.plist.xml; path = Info.plist; sourceTree = "<group>"; };
/* End PBXFileReference section */

/* Begin PBXFrameworksBuildPhase section */
		22FA35ED24D90EC500C75DFF /* Frameworks */ = {
			isa = PBXFrameworksBuildPhase;
			buildActionMask = 2147483647;
			files = (
			);
			runOnlyForDeploymentPostprocessing = 0;
		};
/* End PBXFrameworksBuildPhase section */

/* Begin PBXGroup section */
		22FA35E724D90EC500C75DFF = {
			isa = PBXGroup;
			children = (
				22FA35F224D90EC500C75DFF /* SonicalDashboard */,
				22FA35F124D90EC500C75DFF /* Products */,
			);
			sourceTree = "<group>";
		};
		22FA35F124D90EC500C75DFF /* Products */ = {
			isa = PBXGroup;
			children = (
				22FA35F024D90EC500C75DFF /* SonicalDashboard.app */,
			);
			name = Products;
			sourceTree = "<group>";
		};
		22FA35F224D90EC500C75DFF /* SonicalDashboard */ = {
			isa = PBXGroup;
			children = (
				22FA35F324D90EC500C75DFF /* AppDelegate.swift */,
				22FA35F524D90EC500C75DFF /* SceneDelegate.swift */,
				22FA35F724D90EC500C75DFF /* ViewController.swift */,
				222F90E324FF43E900116693 /* AppDownloadViewController.swift */,
				22F3145724E4F6040096C174 /* AADraggableView.swift */,
				22F3145424E4C8FC0096C174 /* AADraggableView+Helper.swift */,
				22FA35F924D90EC500C75DFF /* Main.storyboard */,
				22BDF8B62505E0BE004D1F9A /* SystemConfig.swift */,
				22FA35FC24D90EC800C75DFF /* Assets.xcassets */,
				22FA35FE24D90EC800C75DFF /* LaunchScreen.storyboard */,
				22FA360124D90EC800C75DFF /* Info.plist */,
			);
			path = SonicalDashboard;
			sourceTree = "<group>";
		};
/* End PBXGroup section */

/* Begin PBXNativeTarget section */
		22FA35EF24D90EC500C75DFF /* SonicalDashboard */ = {
			isa = PBXNativeTarget;
			buildConfigurationList = 22FA360424D90EC800C75DFF /* Build configuration list for PBXNativeTarget "SonicalDashboard" */;
			buildPhases = (
				22FA35EC24D90EC500C75DFF /* Sources */,
				22FA35ED24D90EC500C75DFF /* Frameworks */,
				22FA35EE24D90EC500C75DFF /* Resources */,
			);
			buildRules = (
			);
			dependencies = (
			);
			name = SonicalDashboard;
			productName = SonicalDashboard;
			productReference = 22FA35F024D90EC500C75DFF /* SonicalDashboard.app */;
			productType = "com.apple.product-type.application";
		};
/* End PBXNativeTarget section */

/* Begin PBXProject section */
		22FA35E824D90EC500C75DFF /* Project object */ = {
			isa = PBXProject;
			attributes = {
				LastSwiftUpdateCheck = 1140;
				LastUpgradeCheck = 1140;
				ORGANIZATIONNAME = "Michael Vartanian";
				TargetAttributes = {
					22FA35EF24D90EC500C75DFF = {
						CreatedOnToolsVersion = 11.4;
					};
				};
			};
			buildConfigurationList = 22FA35EB24D90EC500C75DFF /* Build configuration list for PBXProject "SonicalDashboard" */;
			compatibilityVersion = "Xcode 9.3";
			developmentRegion = en;
			hasScannedForEncodings = 0;
			knownRegions = (
				en,
				Base,
			);
			mainGroup = 22FA35E724D90EC500C75DFF;
			productRefGroup = 22FA35F124D90EC500C75DFF /* Products */;
			projectDirPath = "";
			projectRoot = "";
			targets = (
				22FA35EF24D90EC500C75DFF /* SonicalDashboard */,
			);
		};
/* End PBXProject section */

/* Begin PBXResourcesBuildPhase section */
		22FA35EE24D90EC500C75DFF /* Resources */ = {
			isa = PBXResourcesBuildPhase;
			buildActionMask = 2147483647;
			files = (
				22FA360024D90EC800C75DFF /* LaunchScreen.storyboard in Resources */,
				22FA35FD24D90EC800C75DFF /* Assets.xcassets in Resources */,
				22FA35FB24D90EC500C75DFF /* Main.storyboard in Resources */,
			);
			runOnlyForDeploymentPostprocessing = 0;
		};
/* End PBXResourcesBuildPhase section */

/* Begin PBXSourcesBuildPhase section */
		22FA35EC24D90EC500C75DFF /* Sources */ = {
			isa = PBXSourcesBuildPhase;
			buildActionMask = 2147483647;
			files = (
				222F90E424FF43E900116693 /* AppDownloadViewController.swift in Sources */,
				22FA35F824D90EC500C75DFF /* ViewController.swift in Sources */,
				22FA35F424D90EC500C75DFF /* AppDelegate.swift in Sources */,
				22BDF8B72505E0BE004D1F9A /* SystemConfig.swift in Sources */,
				22FA35F624D90EC500C75DFF /* SceneDelegate.swift in Sources */,
				22F3145624E4C9010096C174 /* AADraggableView+Helper.swift in Sources */,
				22F3145824E4F6040096C174 /* AADraggableView.swift in Sources */,
			);
			runOnlyForDeploymentPostprocessing = 0;
		};
/* End PBXSourcesBuildPhase section */

/* Begin PBXVariantGroup section */
		22FA35F924D90EC500C75DFF /* Main.storyboard */ = {
			isa = PBXVariantGroup;
			children = (
				22FA35FA24D90EC500C75DFF /* Base */,
			);
			name = Main.storyboard;
			sourceTree = "<group>";
		};
		22FA35FE24D90EC800C75DFF /* LaunchScreen.storyboard */ = {
			isa = PBXVariantGroup;
			children = (
				22FA35FF24D90EC800C75DFF /* Base */,
			);
			name = LaunchScreen.storyboard;
			sourceTree = "<group>";
		};
/* End PBXVariantGroup section */

/* Begin XCBuildConfiguration section */
		22FA360224D90EC800C75DFF /* Debug */ = {
			isa = XCBuildConfiguration;
			buildSettings = {
				ALWAYS_SEARCH_USER_PATHS = NO;
				CLANG_ANALYZER_NONNULL = YES;
				CLANG_ANALYZER_NUMBER_OBJECT_CONVERSION = YES_AGGRESSIVE;
				CLANG_CXX_LANGUAGE_STANDARD = "gnu++14";
				CLANG_CXX_LIBRARY = "libc++";
				CLANG_ENABLE_MODULES = YES;
				CLANG_ENABLE_OBJC_ARC = YES;
				CLANG_ENABLE_OBJC_WEAK = YES;
				CLANG_WARN_BLOCK_CAPTURE_AUTORELEASING = YES;
				CLANG_WARN_BOOL_CONVERSION = YES;
				CLANG_WARN_COMMA = YES;
				CLANG_WARN_CONSTANT_CONVERSION = YES;
				CLANG_WARN_DEPRECATED_OBJC_IMPLEMENTATIONS = YES;
				CLANG_WARN_DIRECT_OBJC_ISA_USAGE = YES_ERROR;
				CLANG_WARN_DOCUMENTATION_COMMENTS = YES;
				CLANG_WARN_EMPTY_BODY = YES;
				CLANG_WARN_ENUM_CONVERSION = YES;
				CLANG_WARN_INFINITE_RECURSION = YES;
				CLANG_WARN_INT_CONVERSION = YES;
				CLANG_WARN_NON_LITERAL_NULL_CONVERSION = YES;
				CLANG_WARN_OBJC_IMPLICIT_RETAIN_SELF = YES;
				CLANG_WARN_OBJC_LITERAL_CONVERSION = YES;
				CLANG_WARN_OBJC_ROOT_CLASS = YES_ERROR;
				CLANG_WARN_RANGE_LOOP_ANALYSIS = YES;
				CLANG_WARN_STRICT_PROTOTYPES = YES;
				CLANG_WARN_SUSPICIOUS_MOVE = YES;
				CLANG_WARN_UNGUARDED_AVAILABILITY = YES_AGGRESSIVE;
				CLANG_WARN_UNREACHABLE_CODE = YES;
				CLANG_WARN__DUPLICATE_METHOD_MATCH = YES;
				COPY_PHASE_STRIP = NO;
				DEBUG_INFORMATION_FORMAT = dwarf;
				ENABLE_STRICT_OBJC_MSGSEND = YES;
				ENABLE_TESTABILITY = YES;
				GCC_C_LANGUAGE_STANDARD = gnu11;
				GCC_DYNAMIC_NO_PIC = NO;
				GCC_NO_COMMON_BLOCKS = YES;
				GCC_OPTIMIZATION_LEVEL = 0;
				GCC_PREPROCESSOR_DEFINITIONS = (
					"DEBUG=1",
					"$(inherited)",
				);
				GCC_WARN_64_TO_32_BIT_CONVERSION = YES;
				GCC_WARN_ABOUT_RETURN_TYPE = YES_ERROR;
				GCC_WARN_UNDECLARED_SELECTOR = YES;
				GCC_WARN_UNINITIALIZED_AUTOS = YES_AGGRESSIVE;
				GCC_WARN_UNUSED_FUNCTION = YES;
				GCC_WARN_UNUSED_VARIABLE = YES;
				IPHONEOS_DEPLOYMENT_TARGET = 13.4;
				MTL_ENABLE_DEBUG_INFO = INCLUDE_SOURCE;
				MTL_FAST_MATH = YES;
				ONLY_ACTIVE_ARCH = YES;
				SDKROOT = iphoneos;
				SWIFT_ACTIVE_COMPILATION_CONDITIONS = DEBUG;
				SWIFT_OPTIMIZATION_LEVEL = "-Onone";
			};
			name = Debug;
		};
		22FA360324D90EC800C75DFF /* Release */ = {
			isa = XCBuildConfiguration;
			buildSettings = {
				ALWAYS_SEARCH_USER_PATHS = NO;
				CLANG_ANALYZER_NONNULL = YES;
				CLANG_ANALYZER_NUMBER_OBJECT_CONVERSION = YES_AGGRESSIVE;
				CLANG_CXX_LANGUAGE_STANDARD = "gnu++14";
				CLANG_CXX_LIBRARY = "libc++";
				CLANG_ENABLE_MODULES = YES;
				CLANG_ENABLE_OBJC_ARC = YES;
				CLANG_ENABLE_OBJC_WEAK = YES;
				CLANG_WARN_BLOCK_CAPTURE_AUTORELEASING = YES;
				CLANG_WARN_BOOL_CONVERSION = YES;
				CLANG_WARN_COMMA = YES;
				CLANG_WARN_CONSTANT_CONVERSION = YES;
				CLANG_WARN_DEPRECATED_OBJC_IMPLEMENTATIONS = YES;
				CLANG_WARN_DIRECT_OBJC_ISA_USAGE = YES_ERROR;
				CLANG_WARN_DOCUMENTATION_COMMENTS = YES;
				CLANG_WARN_EMPTY_BODY = YES;
				CLANG_WARN_ENUM_CONVERSION = YES;
				CLANG_WARN_INFINITE_RECURSION = YES;
				CLANG_WARN_INT_CONVERSION = YES;
				CLANG_WARN_NON_LITERAL_NULL_CONVERSION = YES;
				CLANG_WARN_OBJC_IMPLICIT_RETAIN_SELF = YES;
				CLANG_WARN_OBJC_LITERAL_CONVERSION = YES;
				CLANG_WARN_OBJC_ROOT_CLASS = YES_ERROR;
				CLANG_WARN_RANGE_LOOP_ANALYSIS = YES;
				CLANG_WARN_STRICT_PROTOTYPES = YES;
				CLANG_WARN_SUSPICIOUS_MOVE = YES;
				CLANG_WARN_UNGUARDED_AVAILABILITY = YES_AGGRESSIVE;
				CLANG_WARN_UNREACHABLE_CODE = YES;
				CLANG_WARN__DUPLICATE_METHOD_MATCH = YES;
				COPY_PHASE_STRIP = NO;
				DEBUG_INFORMATION_FORMAT = "dwarf-with-dsym";
				ENABLE_NS_ASSERTIONS = NO;
				ENABLE_STRICT_OBJC_MSGSEND = YES;
				GCC_C_LANGUAGE_STANDARD = gnu11;
				GCC_NO_COMMON_BLOCKS = YES;
				GCC_WARN_64_TO_32_BIT_CONVERSION = YES;
				GCC_WARN_ABOUT_RETURN_TYPE = YES_ERROR;
				GCC_WARN_UNDECLARED_SELECTOR = YES;
				GCC_WARN_UNINITIALIZED_AUTOS = YES_AGGRESSIVE;
				GCC_WARN_UNUSED_FUNCTION = YES;
				GCC_WARN_UNUSED_VARIABLE = YES;
				IPHONEOS_DEPLOYMENT_TARGET = 13.4;
				MTL_ENABLE_DEBUG_INFO = NO;
				MTL_FAST_MATH = YES;
				SDKROOT = iphoneos;
				SWIFT_COMPILATION_MODE = wholemodule;
				SWIFT_OPTIMIZATION_LEVEL = "-O";
				VALIDATE_PRODUCT = YES;
			};
			name = Release;
		};
		22FA360524D90EC800C75DFF /* Debug */ = {
			isa = XCBuildConfiguration;
			buildSettings = {
				ASSETCATALOG_COMPILER_APPICON_NAME = AppIcon;
				CODE_SIGN_IDENTITY = "Apple Development";
				CODE_SIGN_STYLE = Automatic;
				CURRENT_PROJECT_VERSION = 5;
				DEVELOPMENT_TEAM = K79TKW9544;
				INFOPLIST_FILE = SonicalDashboard/Info.plist;
				IPHONEOS_DEPLOYMENT_TARGET = 13.3;
				LD_RUNPATH_SEARCH_PATHS = (
					"$(inherited)",
					"@executable_path/Frameworks",
				);
				PRODUCT_BUNDLE_IDENTIFIER = com.digital2go.SonicalDashboard;
				PRODUCT_NAME = "$(TARGET_NAME)";
				PROVISIONING_PROFILE_SPECIFIER = "";
				SWIFT_VERSION = 5.0;
				TARGETED_DEVICE_FAMILY = "1,2";
			};
			name = Debug;
		};
		22FA360624D90EC800C75DFF /* Release */ = {
			isa = XCBuildConfiguration;
			buildSettings = {
				ASSETCATALOG_COMPILER_APPICON_NAME = AppIcon;
				CODE_SIGN_IDENTITY = "Apple Development";
				CODE_SIGN_STYLE = Automatic;
				CURRENT_PROJECT_VERSION = 5;
				DEVELOPMENT_TEAM = K79TKW9544;
				INFOPLIST_FILE = SonicalDashboard/Info.plist;
				IPHONEOS_DEPLOYMENT_TARGET = 13.3;
				LD_RUNPATH_SEARCH_PATHS = (
					"$(inherited)",
					"@executable_path/Frameworks",
				);
				PRODUCT_BUNDLE_IDENTIFIER = com.digital2go.SonicalDashboard;
				PRODUCT_NAME = "$(TARGET_NAME)";
				PROVISIONING_PROFILE_SPECIFIER = "";
				SWIFT_VERSION = 5.0;
				TARGETED_DEVICE_FAMILY = "1,2";
			};
			name = Release;
		};
/* End XCBuildConfiguration section */

/* Begin XCConfigurationList section */
		22FA35EB24D90EC500C75DFF /* Build configuration list for PBXProject "SonicalDashboard" */ = {
			isa = XCConfigurationList;
			buildConfigurations = (
				22FA360224D90EC800C75DFF /* Debug */,
				22FA360324D90EC800C75DFF /* Release */,
			);
			defaultConfigurationIsVisible = 0;
			defaultConfigurationName = Release;
		};
		22FA360424D90EC800C75DFF /* Build configuration list for PBXNativeTarget "SonicalDashboard" */ = {
			isa = XCConfigurationList;
			buildConfigurations = (
				22FA360524D90EC800C75DFF /* Debug */,
				22FA360624D90EC800C75DFF /* Release */,
			);
			defaultConfigurationIsVisible = 0;
			defaultConfigurationName = Release;
		};
/* End XCConfigurationList section */
	};
	rootObject = 22FA35E824D90EC500C75DFF /* Project object */;
}
